
Microsoft Visual Studio Solution File, Format Version 12.00
# Visual Studio Version 17
VisualStudioVersion = 17.7.34003.232
MinimumVisualStudioVersion = 10.0.40219.1
Project("{FAE04EC0-301F-11D3-BF4B-00C04F79EFBC}") = "contabancaria", "contabancaria.csproj", "{1E73779A-C4D7-4079-AC5D-1E157FA680F1}"
EndProject
Global
	GlobalSection(SolutionConfigurationPlatforms) = preSolution
		Debug|Any CPU = Debug|Any CPU
		Release|Any CPU = Release|Any CPU
	EndGlobalSection
	GlobalSection(ProjectConfigurationPlatforms) = postSolution
		{1E73779A-C4D7-4079-AC5D-1E157FA680F1}.Debug|Any CPU.ActiveCfg = Debug|Any CPU
		{1E73779A-C4D7-4079-AC5D-1E157FA680F1}.Debug|Any CPU.Build.0 = Debug|Any CPU
		{1E73779A-C4D7-4079-AC5D-1E157FA680F1}.Release|Any CPU.ActiveCfg = Release|Any CPU
		{1E73779A-C4D7-4079-AC5D-1E157FA680F1}.Release|Any CPU.Build.0 = Release|Any CPU
	EndGlobalSection
	GlobalSection(SolutionProperties) = preSolution
		HideSolutionNode = FALSE
	EndGlobalSection
	GlobalSection(ExtensibilityGlobals) = postSolution
		SolutionGuid = {0CFA5C97-7329-4E0A-8005-05818917D579}
	EndGlobalSection
EndGlobal
